// !$*UTF8*$!
{
	archiveVersion = 1;
	classes = {
	};
	objectVersion = 46;
	objects = {

/* Begin PBXBuildFile section */
		AC2305501BEC873300B74E16 /* RedBackgroundParticle.sks in Resources */ = {isa = PBXBuildFile; fileRef = AC23054F1BEC873300B74E16 /* RedBackgroundParticle.sks */; settings = {ASSET_TAGS = (); }; };
		AC2305521BEC875F00B74E16 /* BackGroundView.swift in Sources */ = {isa = PBXBuildFile; fileRef = AC2305511BEC875F00B74E16 /* BackGroundView.swift */; settings = {ASSET_TAGS = (); }; };
		ACEB00801BE1EA2B001182FF /* AppDelegate.swift in Sources */ = {isa = PBXBuildFile; fileRef = ACEB007F1BE1EA2B001182FF /* AppDelegate.swift */; };
		ACEB00821BE1EA2B001182FF /* ViewController.swift in Sources */ = {isa = PBXBuildFile; fileRef = ACEB00811BE1EA2B001182FF /* ViewController.swift */; };
		ACEB00851BE1EA2B001182FF /* Main.storyboard in Resources */ = {isa = PBXBuildFile; fileRef = ACEB00831BE1EA2B001182FF /* Main.storyboard */; };
		ACEB00871BE1EA2B001182FF /* Assets.xcassets in Resources */ = {isa = PBXBuildFile; fileRef = ACEB00861BE1EA2B001182FF /* Assets.xcassets */; };
		ACEB008A1BE1EA2B001182FF /* LaunchScreen.storyboard in Resources */ = {isa = PBXBuildFile; fileRef = ACEB00881BE1EA2B001182FF /* LaunchScreen.storyboard */; };
		ACEB00931BE1EB30001182FF /* BlueBackgroundParticle.sks in Resources */ = {isa = PBXBuildFile; fileRef = ACEB00911BE1EB30001182FF /* BlueBackgroundParticle.sks */; settings = {ASSET_TAGS = (); }; };
		ACEB00941BE1EB30001182FF /* spark.png in Resources */ = {isa = PBXBuildFile; fileRef = ACEB00921BE1EB30001182FF /* spark.png */; settings = {ASSET_TAGS = (); }; };
		ACEB00961BE1EB5D001182FF /* SpriteKit.framework in Frameworks */ = {isa = PBXBuildFile; fileRef = ACEB00951BE1EB5D001182FF /* SpriteKit.framework */; };
/* End PBXBuildFile section */

/* Begin PBXFileReference section */
		AC23054F1BEC873300B74E16 /* RedBackgroundParticle.sks */ = {isa = PBXFileReference; lastKnownFileType = file.sks; path = RedBackgroundParticle.sks; sourceTree = "<group>"; };
		AC2305511BEC875F00B74E16 /* BackGroundView.swift */ = {isa = PBXFileReference; fileEncoding = 4; lastKnownFileType = sourcecode.swift; path = BackGroundView.swift; sourceTree = "<group>"; };
		ACEB007C1BE1EA2B001182FF /* X and O.app */ = {isa = PBXFileReference; explicitFileType = wrapper.application; includeInIndex = 0; path = "X and O.app"; sourceTree = BUILT_PRODUCTS_DIR; };
		ACEB007F1BE1EA2B001182FF /* AppDelegate.swift */ = {isa = PBXFileReference; lastKnownFileType = sourcecode.swift; path = AppDelegate.swift; sourceTree = "<group>"; };
		ACEB00811BE1EA2B001182FF /* ViewController.swift */ = {isa = PBXFileReference; lastKnownFileType = sourcecode.swift; path = ViewController.swift; sourceTree = "<group>"; };
		ACEB00841BE1EA2B001182FF /* Base */ = {isa = PBXFileReference; lastKnownFileType = file.storyboard; name = Base; path = Base.lproj/Main.storyboard; sourceTree = "<group>"; };
		ACEB00861BE1EA2B001182FF /* Assets.xcassets */ = {isa = PBXFileReference; lastKnownFileType = folder.assetcatalog; path = Assets.xcassets; sourceTree = "<group>"; };
		ACEB00891BE1EA2B001182FF /* Base */ = {isa = PBXFileReference; lastKnownFileType = file.storyboard; name = Base; path = Base.lproj/LaunchScreen.storyboard; sourceTree = "<group>"; };
		ACEB008B1BE1EA2B001182FF /* Info.plist */ = {isa = PBXFileReference; lastKnownFileType = text.plist.xml; path = Info.plist; sourceTree = "<group>"; };
		ACEB00911BE1EB30001182FF /* BlueBackgroundParticle.sks */ = {isa = PBXFileReference; lastKnownFileType = file.sks; path = BlueBackgroundParticle.sks; sourceTree = "<group>"; };
		ACEB00921BE1EB30001182FF /* spark.png */ = {isa = PBXFileReference; lastKnownFileType = image.png; path = spark.png; sourceTree = "<group>"; };
		ACEB00951BE1EB5D001182FF /* SpriteKit.framework */ = {isa = PBXFileReference; lastKnownFileType = wrapper.framework; name = SpriteKit.framework; path = System/Library/Frameworks/SpriteKit.framework; sourceTree = SDKROOT; };
/* End PBXFileReference section */

/* Begin PBXFrameworksBuildPhase section */
		ACEB00791BE1EA2B001182FF /* Frameworks */ = {
			isa = PBXFrameworksBuildPhase;
			buildActionMask = 2147483647;
			files = (
				ACEB00961BE1EB5D001182FF /* SpriteKit.framework in Frameworks */,
			);
			runOnlyForDeploymentPostprocessing = 0;
		};
/* End PBXFrameworksBuildPhase section */

/* Begin PBXGroup section */
		AC2305531BEC8C1F00B74E16 /* Graphics */ = {
			isa = PBXGroup;
			children = (
				ACEB00861BE1EA2B001182FF /* Assets.xcassets */,
				ACEB00911BE1EB30001182FF /* BlueBackgroundParticle.sks */,
				AC23054F1BEC873300B74E16 /* RedBackgroundParticle.sks */,
				ACEB00921BE1EB30001182FF /* spark.png */,
			);
			name = Graphics;
			sourceTree = "<group>";
		};
		AC2305541BEC8C4800B74E16 /* Views */ = {
			isa = PBXGroup;
			children = (
				AC2305511BEC875F00B74E16 /* BackGroundView.swift */,
			);
			name = Views;
			sourceTree = "<group>";
		};
		AC2305551BEC8C5100B74E16 /* ViewControllers */ = {
			isa = PBXGroup;
			children = (
				ACEB00811BE1EA2B001182FF /* ViewController.swift */,
			);
			name = ViewControllers;
			sourceTree = "<group>";
		};
		ACEB00731BE1EA2B001182FF = {
			isa = PBXGroup;
			children = (
				ACEB007E1BE1EA2B001182FF /* X and O */,
				ACEB007D1BE1EA2B001182FF /* Products */,
			);
			sourceTree = "<group>";
		};
		ACEB007D1BE1EA2B001182FF /* Products */ = {
			isa = PBXGroup;
			children = (
				ACEB007C1BE1EA2B001182FF /* X and O.app */,
			);
			name = Products;
			sourceTree = "<group>";
		};
		ACEB007E1BE1EA2B001182FF /* X and O */ = {
			isa = PBXGroup;
			children = (
				ACEB007F1BE1EA2B001182FF /* AppDelegate.swift */,
				ACEB00831BE1EA2B001182FF /* Main.storyboard */,
				AC2305551BEC8C5100B74E16 /* ViewControllers */,
				AC2305541BEC8C4800B74E16 /* Views */,
				AC2305531BEC8C1F00B74E16 /* Graphics */,
				ACEB00971BE1EB68001182FF /* Suporting files */,
			);
			path = "X and O";
			sourceTree = "<group>";
		};
		ACEB00971BE1EB68001182FF /* Suporting files */ = {
			isa = PBXGroup;
			children = (
				ACEB00981BE1EB86001182FF /* Frameworks */,
				ACEB00881BE1EA2B001182FF /* LaunchScreen.storyboard */,
				ACEB008B1BE1EA2B001182FF /* Info.plist */,
			);
			name = "Suporting files";
			sourceTree = "<group>";
		};
		ACEB00981BE1EB86001182FF /* Frameworks */ = {
			isa = PBXGroup;
			children = (
				ACEB00951BE1EB5D001182FF /* SpriteKit.framework */,
			);
			name = Frameworks;
			sourceTree = "<group>";
		};
/* End PBXGroup section */

/* Begin PBXNativeTarget section */
		ACEB007B1BE1EA2B001182FF /* X and O */ = {
			isa = PBXNativeTarget;
			buildConfigurationList = ACEB008E1BE1EA2B001182FF /* Build configuration list for PBXNativeTarget "X and O" */;
			buildPhases = (
				ACEB00781BE1EA2B001182FF /* Sources */,
				ACEB00791BE1EA2B001182FF /* Frameworks */,
				ACEB007A1BE1EA2B001182FF /* Resources */,
			);
			buildRules = (
			);
			dependencies = (
			);
			name = "X and O";
			productName = "X and O";
			productReference = ACEB007C1BE1EA2B001182FF /* X and O.app */;
			productType = "com.apple.product-type.application";
		};
/* End PBXNativeTarget section */

/* Begin PBXProject section */
		ACEB00741BE1EA2B001182FF /* Project object */ = {
			isa = PBXProject;
			attributes = {
				LastUpgradeCheck = 0700;
				ORGANIZATIONNAME = "Kai Aldag";
				TargetAttributes = {
					ACEB007B1BE1EA2B001182FF = {
						CreatedOnToolsVersion = 7.0.1;
						DevelopmentTeam = E43A73LHYV;
					};
				};
			};
			buildConfigurationList = ACEB00771BE1EA2B001182FF /* Build configuration list for PBXProject "X and O" */;
			compatibilityVersion = "Xcode 3.2";
			developmentRegion = English;
			hasScannedForEncodings = 0;
			knownRegions = (
				en,
				Base,
			);
			mainGroup = ACEB00731BE1EA2B001182FF;
			productRefGroup = ACEB007D1BE1EA2B001182FF /* Products */;
			projectDirPath = "";
			projectRoot = "";
			targets = (
				ACEB007B1BE1EA2B001182FF /* X and O */,
			);
		};
/* End PBXProject section */

/* Begin PBXResourcesBuildPhase section */
		ACEB007A1BE1EA2B001182FF /* Resources */ = {
			isa = PBXResourcesBuildPhase;
			buildActionMask = 2147483647;
			files = (
				ACEB00941BE1EB30001182FF /* spark.png in Resources */,
				ACEB008A1BE1EA2B001182FF /* LaunchScreen.storyboard in Resources */,
				ACEB00931BE1EB30001182FF /* BlueBackgroundParticle.sks in Resources */,
				AC2305501BEC873300B74E16 /* RedBackgroundParticle.sks in Resources */,
				ACEB00871BE1EA2B001182FF /* Assets.xcassets in Resources */,
				ACEB00851BE1EA2B001182FF /* Main.storyboard in Resources */,
			);
			runOnlyForDeploymentPostprocessing = 0;
		};
/* End PBXResourcesBuildPhase section */

/* Begin PBXSourcesBuildPhase section */
		ACEB00781BE1EA2B001182FF /* Sources */ = {
			isa = PBXSourcesBuildPhase;
			buildActionMask = 2147483647;
			files = (
				AC2305521BEC875F00B74E16 /* BackGroundView.swift in Sources */,
				ACEB00821BE1EA2B001182FF /* ViewController.swift in Sources */,
				ACEB00801BE1EA2B001182FF /* AppDelegate.swift in Sources */,
			);
			runOnlyForDeploymentPostprocessing = 0;
		};
/* End PBXSourcesBuildPhase section */

/* Begin PBXVariantGroup section */
		ACEB00831BE1EA2B001182FF /* Main.storyboard */ = {
			isa = PBXVariantGroup;
			children = (
				ACEB00841BE1EA2B001182FF /* Base */,
			);
			name = Main.storyboard;
			sourceTree = "<group>";
		};
		ACEB00881BE1EA2B001182FF /* LaunchScreen.storyboard */ = {
			isa = PBXVariantGroup;
			children = (
				ACEB00891BE1EA2B001182FF /* Base */,
			);
			name = LaunchScreen.storyboard;
			sourceTree = "<group>";
		};
/* End PBXVariantGroup section */

/* Begin XCBuildConfiguration section */
		ACEB008C1BE1EA2B001182FF /* Debug */ = {
			isa = XCBuildConfiguration;
			buildSettings = {
				ALWAYS_SEARCH_USER_PATHS = NO;
				CLANG_CXX_LANGUAGE_STANDARD = "gnu++0x";
				CLANG_CXX_LIBRARY = "libc++";
				CLANG_ENABLE_MODULES = YES;
				CLANG_ENABLE_OBJC_ARC = YES;
				CLANG_WARN_BOOL_CONVERSION = YES;
				CLANG_WARN_CONSTANT_CONVERSION = YES;
				CLANG_WARN_DIRECT_OBJC_ISA_USAGE = YES_ERROR;
				CLANG_WARN_EMPTY_BODY = YES;
				CLANG_WARN_ENUM_CONVERSION = YES;
				CLANG_WARN_INT_CONVERSION = YES;
				CLANG_WARN_OBJC_ROOT_CLASS = YES_ERROR;
				CLANG_WARN_UNREACHABLE_CODE = YES;
				CLANG_WARN__DUPLICATE_METHOD_MATCH = YES;
				"CODE_SIGN_IDENTITY[sdk=iphoneos*]" = "iPhone Developer";
				COPY_PHASE_STRIP = NO;
				DEBUG_INFORMATION_FORMAT = dwarf;
				ENABLE_STRICT_OBJC_MSGSEND = YES;
				ENABLE_TESTABILITY = YES;
				GCC_C_LANGUAGE_STANDARD = gnu99;
				GCC_DYNAMIC_NO_PIC = NO;
				GCC_NO_COMMON_BLOCKS = YES;
				GCC_OPTIMIZATION_LEVEL = 0;
				GCC_PREPROCESSOR_DEFINITIONS = (
					"DEBUG=1",
					"$(inherited)",
				);
				GCC_WARN_64_TO_32_BIT_CONVERSION = YES;
				GCC_WARN_ABOUT_RETURN_TYPE = YES_ERROR;
				GCC_WARN_UNDECLARED_SELECTOR = YES;
				GCC_WARN_UNINITIALIZED_AUTOS = YES_AGGRESSIVE;
				GCC_WARN_UNUSED_FUNCTION = YES;
				GCC_WARN_UNUSED_VARIABLE = YES;
				IPHONEOS_DEPLOYMENT_TARGET = 9.0;
				MTL_ENABLE_DEBUG_INFO = YES;
				ONLY_ACTIVE_ARCH = YES;
				SDKROOT = iphoneos;
				SWIFT_OPTIMIZATION_LEVEL = "-Onone";
				TARGETED_DEVICE_FAMILY = "1,2";
			};
			name = Debug;
		};
		ACEB008D1BE1EA2B001182FF /* Release */ = {
			isa = XCBuildConfiguration;
			buildSettings = {
				ALWAYS_SEARCH_USER_PATHS = NO;
				CLANG_CXX_LANGUAGE_STANDARD = "gnu++0x";
				CLANG_CXX_LIBRARY = "libc++";
				CLANG_ENABLE_MODULES = YES;
				CLANG_ENABLE_OBJC_ARC = YES;
				CLANG_WARN_BOOL_CONVERSION = YES;
				CLANG_WARN_CONSTANT_CONVERSION = YES;
				CLANG_WARN_DIRECT_OBJC_ISA_USAGE = YES_ERROR;
				CLANG_WARN_EMPTY_BODY = YES;
				CLANG_WARN_ENUM_CONVERSION = YES;
				CLANG_WARN_INT_CONVERSION = YES;
				CLANG_WARN_OBJC_ROOT_CLASS = YES_ERROR;
				CLANG_WARN_UNREACHABLE_CODE = YES;
				CLANG_WARN__DUPLICATE_METHOD_MATCH = YES;
				"CODE_SIGN_IDENTITY[sdk=iphoneos*]" = "iPhone Developer";
				COPY_PHASE_STRIP = NO;
				DEBUG_INFORMATION_FORMAT = "dwarf-with-dsym";
				ENABLE_NS_ASSERTIONS = NO;
				ENABLE_STRICT_OBJC_MSGSEND = YES;
				GCC_C_LANGUAGE_STANDARD = gnu99;
				GCC_NO_COMMON_BLOCKS = YES;
				GCC_WARN_64_TO_32_BIT_CONVERSION = YES;
				GCC_WARN_ABOUT_RETURN_TYPE = YES_ERROR;
				GCC_WARN_UNDECLARED_SELECTOR = YES;
				GCC_WARN_UNINITIALIZED_AUTOS = YES_AGGRESSIVE;
				GCC_WARN_UNUSED_FUNCTION = YES;
				GCC_WARN_UNUSED_VARIABLE = YES;
				IPHONEOS_DEPLOYMENT_TARGET = 9.0;
				MTL_ENABLE_DEBUG_INFO = NO;
				SDKROOT = iphoneos;
				TARGETED_DEVICE_FAMILY = "1,2";
				VALIDATE_PRODUCT = YES;
			};
			name = Release;
		};
		ACEB008F1BE1EA2B001182FF /* Debug */ = {
			isa = XCBuildConfiguration;
			buildSettings = {
				ASSETCATALOG_COMPILER_APPICON_NAME = AppIcon;
				INFOPLIST_FILE = "X and O/Info.plist";
				LD_RUNPATH_SEARCH_PATHS = "$(inherited) @executable_path/Frameworks";
				PRODUCT_BUNDLE_IDENTIFIER = "KaiAldag.X-and-O";
				PRODUCT_NAME = "$(TARGET_NAME)";
			};
			name = Debug;
		};
		ACEB00901BE1EA2B001182FF /* Release */ = {
			isa = XCBuildConfiguration;
			buildSettings = {
				ASSETCATALOG_COMPILER_APPICON_NAME = AppIcon;
				INFOPLIST_FILE = "X and O/Info.plist";
				LD_RUNPATH_SEARCH_PATHS = "$(inherited) @executable_path/Frameworks";
				PRODUCT_BUNDLE_IDENTIFIER = "KaiAldag.X-and-O";
				PRODUCT_NAME = "$(TARGET_NAME)";
			};
			name = Release;
		};
/* End XCBuildConfiguration section */

/* Begin XCConfigurationList section */
		ACEB00771BE1EA2B001182FF /* Build configuration list for PBXProject "X and O" */ = {
			isa = XCConfigurationList;
			buildConfigurations = (
				ACEB008C1BE1EA2B001182FF /* Debug */,
				ACEB008D1BE1EA2B001182FF /* Release */,
			);
			defaultConfigurationIsVisible = 0;
			defaultConfigurationName = Release;
		};
		ACEB008E1BE1EA2B001182FF /* Build configuration list for PBXNativeTarget "X and O" */ = {
			isa = XCConfigurationList;
			buildConfigurations = (
				ACEB008F1BE1EA2B001182FF /* Debug */,
				ACEB00901BE1EA2B001182FF /* Release */,
			);
			defaultConfigurationIsVisible = 0;
			defaultConfigurationName = Release;
		};
/* End XCConfigurationList section */
	};
	rootObject = ACEB00741BE1EA2B001182FF /* Project object */;
}
